
Microsoft Visual Studio Solution File, Format Version 12.00
# Visual Studio Version 17
VisualStudioVersion = 17.13.35806.99 d17.13
MinimumVisualStudioVersion = 10.0.40219.1
Project("{FAE04EC0-301F-11D3-BF4B-00C04F79EFBC}") = "Algoritm_Sample", "Algoritm_Sample\Algoritm_Sample.csproj", "{9DFB6421-4AE1-4247-BF78-AFEAA6B8C911}"
EndProject
Global
	GlobalSection(SolutionConfigurationPlatforms) = preSolution
		Debug|Any CPU = Debug|Any CPU
		Release|Any CPU = Release|Any CPU
	EndGlobalSection
	GlobalSection(ProjectConfigurationPlatforms) = postSolution
		{9DFB6421-4AE1-4247-BF78-AFEAA6B8C911}.Debug|Any CPU.ActiveCfg = Debug|Any CPU
		{9DFB6421-4AE1-4247-BF78-AFEAA6B8C911}.Debug|Any CPU.Build.0 = Debug|Any CPU
		{9DFB6421-4AE1-4247-BF78-AFEAA6B8C911}.Release|Any CPU.ActiveCfg = Release|Any CPU
		{9DFB6421-4AE1-4247-BF78-AFEAA6B8C911}.Release|Any CPU.Build.0 = Release|Any CPU
	EndGlobalSection
	GlobalSection(SolutionProperties) = preSolution
		HideSolutionNode = FALSE
	EndGlobalSection
	GlobalSection(ExtensibilityGlobals) = postSolution
		SolutionGuid = {11664D92-AE3C-4DB3-A101-2870B7781AA4}
	EndGlobalSection
EndGlobal
